<?xml version="1.0" encoding="utf-8"?>
<Project ToolsVersion="4.0" xmlns="http://schemas.microsoft.com/developer/msbuild/2003">
  <ItemGroup>
    <ClCompile Include="..\src\ContentsListView.cpp">
      <Filter>Source Files</Filter>
    </ClCompile>
    <ClCompile Include="..\src\ContentsViewerDialog.cpp">
      <Filter>Source Files</Filter>
    </ClCompile>
    <ClCompile Include="..\src\ContentsViewerPlugin.cpp">
      <Filter>Source Files</Filter>
    </ClCompile>
    <ClCompile Include="..\src\help.cpp">
      <Filter>Source Files</Filter>
    </ClCompile>
    <ClCompile Include="..\src\IniFile.cpp">
      <Filter>Source Files</Filter>
    </ClCompile>
    <ClCompile Include="..\src\Document.cpp">
      <Filter>Source Files</Filter>
    </ClCompile>
  </ItemGroup>
  <ItemGroup>
    <ClInclude Include="..\src\Npp\Docking.h">
      <Filter>NPP</Filter>
    </ClInclude>
    <ClInclude Include="..\src\Npp\dockingResource.h">
      <Filter>NPP</Filter>
    </ClInclude>
    <ClInclude Include="..\src\Npp\menuCmdID.h">
      <Filter>NPP</Filter>
    </ClInclude>
    <ClInclude Include="..\src\Npp\Notepad_plus_msgs.h">
      <Filter>NPP</Filter>
    </ClInclude>
    <ClInclude Include="..\src\Npp\Scintilla.h">
      <Filter>NPP</Filter>
    </ClInclude>
    <ClInclude Include="..\src\PluginInterface.h">
      <Filter>Header Files</Filter>
    </ClInclude>
    <ClInclude Include="..\src\ContentsListView.h">
      <Filter>Header Files</Filter>
    </ClInclude>
    <ClInclude Include="..\src\ContentsViewerDialog.h">
      <Filter>Header Files</Filter>
    </ClInclude>
    <ClInclude Include="..\src\ContentsViewerPlugin.h">
      <Filter>Header Files</Filter>
    </ClInclude>
    <ClInclude Include="..\src\help.h">
      <Filter>Header Files</Filter>
    </ClInclude>
    <ClInclude Include="..\src\IniFile.h">
      <Filter>Header Files</Filter>
    </ClInclude>
    <ClInclude Include="..\src\LogFile.h">
      <Filter>Header Files</Filter>
    </ClInclude>
    <ClInclude Include="..\src\resource.h">
      <Filter>Resource Files</Filter>
    </ClInclude>
    <ClInclude Include="..\src\Document.h">
      <Filter>Header Files</Filter>
    </ClInclude>
  </ItemGroup>
  <ItemGroup>
    <Filter Include="NPP">
      <UniqueIdentifier>{4966bbee-c9cb-4f68-bf7e-a864c9129d7a}</UniqueIdentifier>
    </Filter>
    <Filter Include="Header Files">
      <UniqueIdentifier>{39a28ca6-d47d-40c7-887e-59ace0780e9c}</UniqueIdentifier>
    </Filter>
    <Filter Include="Source Files">
      <UniqueIdentifier>{3a91be38-996c-452f-b82d-487587465ce0}</UniqueIdentifier>
    </Filter>
    <Filter Include="Resource Files">
      <UniqueIdentifier>{98407538-8b9b-4e72-840f-261715749e2f}</UniqueIdentifier>
    </Filter>
  </ItemGroup>
  <ItemGroup>
    <ResourceCompile Include="..\src\resource.rc">
      <Filter>Resource Files</Filter>
    </ResourceCompile>
  </ItemGroup>
</Project>